
Microsoft Visual Studio Solution File, Format Version 12.00
# Visual Studio 15
VisualStudioVersion = 15.0.27428.2005
MinimumVisualStudioVersion = 10.0.40219.1
Project("{FAE04EC0-301F-11D3-BF4B-00C04F79EFBC}") = "BTree", "BTree\BTree.csproj", "{C3016032-0813-4B30-AF63-01C2AB2A9F36}"
EndProject
Global
	GlobalSection(SolutionConfigurationPlatforms) = preSolution
		Debug|Any CPU = Debug|Any CPU
		Release|Any CPU = Release|Any CPU
	EndGlobalSection
	GlobalSection(ProjectConfigurationPlatforms) = postSolution
		{C3016032-0813-4B30-AF63-01C2AB2A9F36}.Debug|Any CPU.ActiveCfg = Debug|Any CPU
		{C3016032-0813-4B30-AF63-01C2AB2A9F36}.Debug|Any CPU.Build.0 = Debug|Any CPU
		{C3016032-0813-4B30-AF63-01C2AB2A9F36}.Release|Any CPU.ActiveCfg = Release|Any CPU
		{C3016032-0813-4B30-AF63-01C2AB2A9F36}.Release|Any CPU.Build.0 = Release|Any CPU
	EndGlobalSection
	GlobalSection(SolutionProperties) = preSolution
		HideSolutionNode = FALSE
	EndGlobalSection
	GlobalSection(ExtensibilityGlobals) = postSolution
		SolutionGuid = {AF33C69D-7279-4B27-833C-B95CE9CDEB8F}
	EndGlobalSection
EndGlobal
